{
  "name": "ElephaTrack-Elephants-Tracking-System",
  "lockfileVersion": 3,
  "requires": true,
  "packages": {
    "": {
      "dependencies": {
        "restore": "^0.3.0"
      }
    },
    "node_modules/@redis/bloom": {
      "version": "1.2.0",
      "resolved": "https://registry.npmjs.org/@redis/bloom/-/bloom-1.2.0.tgz",
      "integrity": "sha512-HG2DFjYKbpNmVXsa0keLHp/3leGJz1mjh09f2RLGGLQZzSHpkmZWuwJbAvo3QcRY8p80m5+ZdXZdYOSBLlp7Cg==",
      "peerDependencies": {
        "@redis/client": "^1.0.0"
      }
    },
    "node_modules/@redis/client": {
      "version": "1.5.8",
      "resolved": "https://registry.npmjs.org/@redis/client/-/client-1.5.8.tgz",
      "integrity": "sha512-xzElwHIO6rBAqzPeVnCzgvrnBEcFL1P0w8P65VNLRkdVW8rOE58f52hdj0BDgmsdOm4f1EoXPZtH4Fh7M/qUpw==",
      "dependencies": {
        "cluster-key-slot": "1.1.2",
        "generic-pool": "3.9.0",
        "yallist": "4.0.0"
      },
      "engines": {
        "node": ">=14"
      }
    },
    "node_modules/@redis/graph": {
      "version": "1.1.0",
      "resolved": "https://registry.npmjs.org/@redis/graph/-/graph-1.1.0.tgz",
      "integrity": "sha512-16yZWngxyXPd+MJxeSr0dqh2AIOi8j9yXKcKCwVaKDbH3HTuETpDVPcLujhFYVPtYrngSco31BUcSa9TH31Gqg==",
      "peerDependencies": {
        "@redis/client": "^1.0.0"
      }
    },
    "node_modules/@redis/json": {
      "version": "1.0.4",
      "resolved": "https://registry.npmjs.org/@redis/json/-/json-1.0.4.tgz",
      "integrity": "sha512-LUZE2Gdrhg0Rx7AN+cZkb1e6HjoSKaeeW8rYnt89Tly13GBI5eP4CwDVr+MY8BAYfCg4/N15OUrtLoona9uSgw==",
      "peerDependencies": {
        "@redis/client": "^1.0.0"
      }
    },
    "node_modules/@redis/search": {
      "version": "1.1.3",
      "resolved": "https://registry.npmjs.org/@redis/search/-/search-1.1.3.tgz",
      "integrity": "sha512-4Dg1JjvCevdiCBTZqjhKkGoC5/BcB7k9j99kdMnaXFXg8x4eyOIVg9487CMv7/BUVkFLZCaIh8ead9mU15DNng==",
      "peerDependencies": {
        "@redis/client": "^1.0.0"
      }
    },
    "node_modules/@redis/time-series": {
      "version": "1.0.4",
      "resolved": "https://registry.npmjs.org/@redis/time-series/-/time-series-1.0.4.tgz",
      "integrity": "sha512-ThUIgo2U/g7cCuZavucQTQzA9g9JbDDY2f64u3AbAoz/8vE2lt2U37LamDUVChhaDA3IRT9R6VvJwqnUfTJzng==",
      "peerDependencies": {
        "@redis/client": "^1.0.0"
      }
    },
    "node_modules/ansi-styles": {
      "version": "4.3.0",
      "resolved": "https://registry.npmjs.org/ansi-styles/-/ansi-styles-4.3.0.tgz",
      "integrity": "sha512-zbB9rCJAT1rbjiVDb2hqKFHNYLxgtk8NURxZ3IZwD3F6NtxbXZQCnnSi1Lkx+IDohdPlFp222wVALIheZJQSEg==",
      "dependencies": {
        "color-convert": "^2.0.1"
      },
      "engines": {
        "node": ">=8"
      },
      "funding": {
        "url": "https://github.com/chalk/ansi-styles?sponsor=1"
      }
    },
    "node_modules/async": {
      "version": "3.2.4",
      "resolved": "https://registry.npmjs.org/async/-/async-3.2.4.tgz",
      "integrity": "sha512-iAB+JbDEGXhyIUavoDl9WP/Jj106Kz9DEn1DPgYw5ruDn0e3Wgi3sKFm55sASdGBNOQB8F59d9qQ7deqrHA8wQ=="
    },
    "node_modules/balanced-match": {
      "version": "1.0.2",
      "resolved": "https://registry.npmjs.org/balanced-match/-/balanced-match-1.0.2.tgz",
      "integrity": "sha512-3oSeUO0TMV67hN1AmbXsK4yaqU7tjiHlbxRDZOpH0KW9+CeX4bRAaX0Anxt0tx2MrpRpWwQaPwIlISEJhYU5Pw=="
    },
    "node_modules/brace-expansion": {
      "version": "1.1.11",
      "resolved": "https://registry.npmjs.org/brace-expansion/-/brace-expansion-1.1.11.tgz",
      "integrity": "sha512-iCuPHDFgrHX7H2vEI/5xpz07zSHB00TpugqhmYtVmMO6518mCuRMoOYFldEBl0g187ufozdaHgWKcYFb61qGiA==",
      "dependencies": {
        "balanced-match": "^1.0.0",
        "concat-map": "0.0.1"
      }
    },
    "node_modules/chalk": {
      "version": "4.1.2",
      "resolved": "https://registry.npmjs.org/chalk/-/chalk-4.1.2.tgz",
      "integrity": "sha512-oKnbhFyRIXpUuez8iBMmyEa4nbj4IOQyuhc/wy9kY7/WVPcwIO9VA668Pu8RkO7+0G76SLROeyw9CpQ061i4mA==",
      "dependencies": {
        "ansi-styles": "^4.1.0",
        "supports-color": "^7.1.0"
      },
      "engines": {
        "node": ">=10"
      },
      "funding": {
        "url": "https://github.com/chalk/chalk?sponsor=1"
      }
    },
    "node_modules/cluster-key-slot": {
      "version": "1.1.2",
      "resolved": "https://registry.npmjs.org/cluster-key-slot/-/cluster-key-slot-1.1.2.tgz",
      "integrity": "sha512-RMr0FhtfXemyinomL4hrWcYJxmX6deFdCxpJzhDttxgO1+bcCnkk+9drydLVDmAMG7NE6aN/fl4F7ucU/90gAA==",
      "engines": {
        "node": ">=0.10.0"
      }
    },
    "node_modules/color-convert": {
      "version": "2.0.1",
      "resolved": "https://registry.npmjs.org/color-convert/-/color-convert-2.0.1.tgz",
      "integrity": "sha512-RRECPsj7iu/xb5oKYcsFHSppFNnsj/52OVTRKb4zP5onXwVF3zVmmToNcOfGC+CRDpfK/U584fMg38ZHCaElKQ==",
      "dependencies": {
        "color-name": "~1.1.4"
      },
      "engines": {
        "node": ">=7.0.0"
      }
    },
    "node_modules/color-name": {
      "version": "1.1.4",
      "resolved": "https://registry.npmjs.org/color-name/-/color-name-1.1.4.tgz",
      "integrity": "sha512-dOy+3AuW3a2wNbZHIuMZpTcgjGuLU/uBL/ubcZF9OXbDo8ff4O8yVp5Bf0efS8uEoYo5q4Fx7dY9OgQGXgAsQA=="
    },
    "node_modules/concat-map": {
      "version": "0.0.1",
      "resolved": "https://registry.npmjs.org/concat-map/-/concat-map-0.0.1.tgz",
      "integrity": "sha512-/Srv4dswyQNBfohGpz9o6Yb3Gz3SrUDqBH5rTuhGR7ahtlbYKnVxw2bCFMRljaA7EXHaXZ8wsHdodFvbkhKmqg=="
    },
    "node_modules/ejs": {
      "version": "3.1.9",
      "resolved": "https://registry.npmjs.org/ejs/-/ejs-3.1.9.tgz",
      "integrity": "sha512-rC+QVNMJWv+MtPgkt0y+0rVEIdbtxVADApW9JXrUVlzHetgcyczP/E7DJmWJ4fJCZF2cPcBk0laWO9ZHMG3DmQ==",
      "dependencies": {
        "jake": "^10.8.5"
      },
      "bin": {
        "ejs": "bin/cli.js"
      },
      "engines": {
        "node": ">=0.10.0"
      }
    },
    "node_modules/filelist": {
      "version": "1.0.4",
      "resolved": "https://registry.npmjs.org/filelist/-/filelist-1.0.4.tgz",
      "integrity": "sha512-w1cEuf3S+DrLCQL7ET6kz+gmlJdbq9J7yXCSjK/OZCPA+qEN1WyF4ZAf0YYJa4/shHJra2t/d/r8SV4Ji+x+8Q==",
      "dependencies": {
        "minimatch": "^5.0.1"
      }
    },
    "node_modules/filelist/node_modules/brace-expansion": {
      "version": "2.0.1",
      "resolved": "https://registry.npmjs.org/brace-expansion/-/brace-expansion-2.0.1.tgz",
      "integrity": "sha512-XnAIvQ8eM+kC6aULx6wuQiwVsnzsi9d3WxzV3FpWTGA19F621kwdbsAcFKXgKUHZWsy+mY6iL1sHTxWEFCytDA==",
      "dependencies": {
        "balanced-match": "^1.0.0"
      }
    },
    "node_modules/filelist/node_modules/minimatch": {
      "version": "5.1.6",
      "resolved": "https://registry.npmjs.org/minimatch/-/minimatch-5.1.6.tgz",
      "integrity": "sha512-lKwV/1brpG6mBUFHtb7NUmtABCb2WZZmm2wNiOA5hAb8VdCS4B3dtMWyvcoViccwAW/COERjXLt0zP1zXUN26g==",
      "dependencies": {
        "brace-expansion": "^2.0.1"
      },
      "engines": {
        "node": ">=10"
      }
    },
    "node_modules/generic-pool": {
      "version": "3.9.0",
      "resolved": "https://registry.npmjs.org/generic-pool/-/generic-pool-3.9.0.tgz",
      "integrity": "sha512-hymDOu5B53XvN4QT9dBmZxPX4CWhBPPLguTZ9MMFeFa/Kg0xWVfylOVNlJji/E7yTZWFd/q9GO5TxDLq156D7g==",
      "engines": {
        "node": ">= 4"
      }
    },
    "node_modules/has-flag": {
      "version": "4.0.0",
      "resolved": "https://registry.npmjs.org/has-flag/-/has-flag-4.0.0.tgz",
      "integrity": "sha512-EykJT/Q1KjTWctppgIAgfSO0tKVuZUjhgMr17kqTumMl6Afv3EISleU7qZUzoXDFTAHTDC4NOoG/ZxU3EvlMPQ==",
      "engines": {
        "node": ">=8"
      }
    },
    "node_modules/jake": {
      "version": "10.8.7",
      "resolved": "https://registry.npmjs.org/jake/-/jake-10.8.7.tgz",
      "integrity": "sha512-ZDi3aP+fG/LchyBzUM804VjddnwfSfsdeYkwt8NcbKRvo4rFkjhs456iLFn3k2ZUWvNe4i48WACDbza8fhq2+w==",
      "dependencies": {
        "async": "^3.2.3",
        "chalk": "^4.0.2",
        "filelist": "^1.0.4",
        "minimatch": "^3.1.2"
      },
      "bin": {
        "jake": "bin/cli.js"
      },
      "engines": {
        "node": ">=10"
      }
    },
    "node_modules/lockfile": {
      "version": "1.0.4",
      "resolved": "https://registry.npmjs.org/lockfile/-/lockfile-1.0.4.tgz",
      "integrity": "sha512-cvbTwETRfsFh4nHsL1eGWapU1XFi5Ot9E85sWAwia7Y7EgB7vfqcZhTKZ+l7hCGxSPoushMv5GKhT5PdLv03WA==",
      "dependencies": {
        "signal-exit": "^3.0.2"
      }
    },
    "node_modules/minimatch": {
      "version": "3.1.2",
      "resolved": "https://registry.npmjs.org/minimatch/-/minimatch-3.1.2.tgz",
      "integrity": "sha512-J7p63hRiAjw1NDEww1W7i37+ByIrOWO5XQQAzZ3VOcL0PNybwpfmV/N05zFAzwQ9USyEcX6t3UO+K5aqBQOIHw==",
      "dependencies": {
        "brace-expansion": "^1.1.7"
      },
      "engines": {
        "node": "*"
      }
    },
    "node_modules/mkdirp": {
      "version": "3.0.1",
      "resolved": "https://registry.npmjs.org/mkdirp/-/mkdirp-3.0.1.tgz",
      "integrity": "sha512-+NsyUUAZDmo6YVHzL/stxSu3t9YS1iljliy3BSDrXJ/dkn1KYdmtZODGGjLcc9XLgVVpH4KshHB8XmZgMhaBXg==",
      "bin": {
        "mkdirp": "dist/cjs/src/bin.js"
      },
      "engines": {
        "node": ">=10"
      },
      "funding": {
        "url": "https://github.com/sponsors/isaacs"
      }
    },
    "node_modules/redis": {
      "version": "4.6.7",
      "resolved": "https://registry.npmjs.org/redis/-/redis-4.6.7.tgz",
      "integrity": "sha512-KrkuNJNpCwRm5vFJh0tteMxW8SaUzkm5fBH7eL5hd/D0fAkzvapxbfGPP/r+4JAXdQuX7nebsBkBqA2RHB7Usw==",
      "dependencies": {
        "@redis/bloom": "1.2.0",
        "@redis/client": "1.5.8",
        "@redis/graph": "1.1.0",
        "@redis/json": "1.0.4",
        "@redis/search": "1.1.3",
        "@redis/time-series": "1.0.4"
      }
    },
    "node_modules/restore": {
      "version": "0.3.0",
      "resolved": "https://registry.npmjs.org/restore/-/restore-0.3.0.tgz",
      "integrity": "sha512-aNxQOMRjCwr4NUtksNHqsJYUCpHf2yBZjLbkqnvMoEeSpAD+CBHDwu/IT0ThVzQhhQX2LWvzPMOkzFZ2sPOjfg==",
      "dependencies": {
        "async": "",
        "ejs": ">= 2.0.0",
        "lockfile": ">= 1.0.0",
        "mkdirp": "",
        "redis": ">= 0.8.2"
      },
      "engines": {
        "node": ">=0.8.0"
      }
    },
    "node_modules/signal-exit": {
      "version": "3.0.7",
      "resolved": "https://registry.npmjs.org/signal-exit/-/signal-exit-3.0.7.tgz",
      "integrity": "sha512-wnD2ZE+l+SPC/uoS0vXeE9L1+0wuaMqKlfz9AMUo38JsyLSBWSFcHR1Rri62LZc12vLr1gb3jl7iwQhgwpAbGQ=="
    },
    "node_modules/supports-color": {
      "version": "7.2.0",
      "resolved": "https://registry.npmjs.org/supports-color/-/supports-color-7.2.0.tgz",
      "integrity": "sha512-qpCAvRl9stuOHveKsn7HncJRvv501qIacKzQlO/+Lwxc9+0q2wLyv4Dfvt80/DPn2pqOBsJdDiogXGR9+OvwRw==",
      "dependencies": {
        "has-flag": "^4.0.0"
      },
      "engines": {
        "node": ">=8"
      }
    },
    "node_modules/yallist": {
      "version": "4.0.0",
      "resolved": "https://registry.npmjs.org/yallist/-/yallist-4.0.0.tgz",
      "integrity": "sha512-3wdGidZyq5PB084XLES5TpOSRA3wjXAlIWMhum2kRcv/41Sn2emQ0dycQW4uZXLejwKvg6EsvbdlVL+FYEct7A=="
    }
  }
}
